
Microsoft Visual Studio Solution File, Format Version 12.00
# Visual Studio Version 17
VisualStudioVersion = 17.1.32228.430
MinimumVisualStudioVersion = 10.0.40219.1
Project("{8BC9CEB8-8B4A-11D0-8D11-00A0C91BC942}") = "Test00", "Test00.vcxproj", "{9014B3B3-A2DE-4110-B005-E891386853EC}"
EndProject
Global
	GlobalSection(SolutionConfigurationPlatforms) = preSolution
		Debug|x64 = Debug|x64
		Debug|x86 = Debug|x86
		Release|x64 = Release|x64
		Release|x86 = Release|x86
	EndGlobalSection
	GlobalSection(ProjectConfigurationPlatforms) = postSolution
		{9014B3B3-A2DE-4110-B005-E891386853EC}.Debug|x64.ActiveCfg = Debug|x64
		{9014B3B3-A2DE-4110-B005-E891386853EC}.Debug|x64.Build.0 = Debug|x64
		{9014B3B3-A2DE-4110-B005-E891386853EC}.Debug|x86.ActiveCfg = Debug|Win32
		{9014B3B3-A2DE-4110-B005-E891386853EC}.Debug|x86.Build.0 = Debug|Win32
		{9014B3B3-A2DE-4110-B005-E891386853EC}.Release|x64.ActiveCfg = Release|x64
		{9014B3B3-A2DE-4110-B005-E891386853EC}.Release|x64.Build.0 = Release|x64
		{9014B3B3-A2DE-4110-B005-E891386853EC}.Release|x86.ActiveCfg = Release|Win32
		{9014B3B3-A2DE-4110-B005-E891386853EC}.Release|x86.Build.0 = Release|Win32
	EndGlobalSection
	GlobalSection(SolutionProperties) = preSolution
		HideSolutionNode = FALSE
	EndGlobalSection
	GlobalSection(ExtensibilityGlobals) = postSolution
		SolutionGuid = {E3AC3B91-396A-403D-AA12-6C76F7F0D700}
	EndGlobalSection
EndGlobal
